Microsoft Visual Studio Solution File, Format Version 12.00
# Visual Studio Version 18
VisualStudioVersion = 18.0.11205.157
MinimumVisualStudioVersion = 16.0.28721.148
Project("{2150E333-8FDC-42A3-9474-1A3956D46DE8}") = "Solution Items", "Solution Items", "{2745D9FA-8583-434A-87D8-9A8BC11F5B0B}"
	ProjectSection(SolutionItems) = preProject
		.editorconfig = .editorconfig
		Directory.Build.props = Directory.Build.props
		Directory.Build.targets = Directory.Build.targets
		global.json = global.json
		LICENSE.txt = LICENSE.txt
		README.md = README.md
	EndProjectSection
EndProject
Project("{9A19103F-16F7-4668-BE54-9A1E7A4F7556}") = "GraphQL.Linq", "src\GraphQL.Linq\GraphQL.Linq.csproj", "{92E64F4E-6A8E-43C2-9C8D-694E0327BEF0}"
EndProject
Project("{9A19103F-16F7-4668-BE54-9A1E7A4F7556}") = "GraphQL.Linq.EntityFrameworkCore2", "src\GraphQL.Linq.EntityFrameworkCore2\GraphQL.Linq.EntityFrameworkCore2.csproj", "{AA70A4F7-7C79-4C1D-84FA-1667A0182004}"
EndProject
Project("{9A19103F-16F7-4668-BE54-9A1E7A4F7556}") = "GraphQL.Linq.LinqToDb", "src\GraphQL.Linq.LinqToDb\GraphQL.Linq.LinqToDb.csproj", "{5F2F86C5-F85C-4E4F-8C06-422E59357C10}"
EndProject
Project("{2150E333-8FDC-42A3-9474-1A3956D46DE8}") = "Workflows", "Workflows", "{34805E6C-621F-41B4-87D2-CAD03FBC4921}"
	ProjectSection(SolutionItems) = preProject
		.github\workflows\build.yml = .github\workflows\build.yml
		.github\workflows\publish.yml = .github\workflows\publish.yml
		.github\workflows\tests.yml = .github\workflows\tests.yml
	EndProjectSection
EndProject
Project("{9A19103F-16F7-4668-BE54-9A1E7A4F7556}") = "GraphQL.Linq.EntityFrameworkCore3", "src\GraphQL.Linq.EntityFrameworkCore3\GraphQL.Linq.EntityFrameworkCore3.csproj", "{C5AA6587-E156-4AFD-A8CF-8E4DA6DF209C}"
EndProject
Project("{9A19103F-16F7-4668-BE54-9A1E7A4F7556}") = "GraphQL.Linq.EntityFrameworkCore6", "src\GraphQL.Linq.EntityFrameworkCore6\GraphQL.Linq.EntityFrameworkCore6.csproj", "{8EE36F15-5D53-43DD-A673-65C90D29A2F4}"
EndProject
Project("{9A19103F-16F7-4668-BE54-9A1E7A4F7556}") = "GraphQL.Linq.EntityFrameworkCore8", "src\GraphQL.Linq.EntityFrameworkCore8\GraphQL.Linq.EntityFrameworkCore8.csproj", "{B4A736C9-38C9-4FAF-AB67-12100E1E7432}"
EndProject
Project("{FAE04EC0-301F-11D3-BF4B-00C04F79EFBC}") = "GraphQL.Linq.LinqToDb6", "src\GraphQL.Linq.LinqToDb6\GraphQL.Linq.LinqToDb6.csproj", "{05D8E41C-7D70-DAE1-0E16-226427CF9487}"
EndProject
Project("{FAE04EC0-301F-11D3-BF4B-00C04F79EFBC}") = "TechMartDb", "src\TechMartDb\TechMartDb.csproj", "{2AD05946-ECBF-7A85-5422-692F6712966E}"
EndProject
Project("{FAE04EC0-301F-11D3-BF4B-00C04F79EFBC}") = "TechMartDb.EfCore2", "src\TechMartDb.EfCore2\TechMartDb.EfCore2.csproj", "{212A6595-9196-B4E2-A527-9D0A629C3C66}"
EndProject
Project("{FAE04EC0-301F-11D3-BF4B-00C04F79EFBC}") = "TechMart.EfCore2", "src\TechMart.EfCore2\TechMart.EfCore2.csproj", "{1C3F4644-83A0-4EDF-951F-21D147E10C7A}"
EndProject
Project("{FAE04EC0-301F-11D3-BF4B-00C04F79EFBC}") = "DbHelpers", "src\DbHelpers\DbHelpers.csproj", "{B3CB8E1C-205D-1404-0693-A13DF1D5A9F6}"
EndProject
Project("{FAE04EC0-301F-11D3-BF4B-00C04F79EFBC}") = "TechMart.EfCore3", "src\TechMart.EfCore3\TechMart.EfCore3.csproj", "{22DDCFEF-A52B-A8CD-3085-6BB0C3237AC0}"
EndProject
Project("{FAE04EC0-301F-11D3-BF4B-00C04F79EFBC}") = "TechMart.EfCore6", "src\TechMart.EfCore6\TechMart.EfCore6.csproj", "{63CB7611-8EBF-418A-720C-D9CD9E6BD02E}"
EndProject
Project("{FAE04EC0-301F-11D3-BF4B-00C04F79EFBC}") = "TechMart.EfCore8", "src\TechMart.EfCore8\TechMart.EfCore8.csproj", "{781ED625-1444-0BF6-C617-5C723D394C72}"
EndProject
Project("{FAE04EC0-301F-11D3-BF4B-00C04F79EFBC}") = "TechMartDb.EfCore3", "src\TechMartDb.EfCore3\TechMartDb.EfCore3.csproj", "{B9361AEC-DAEC-1110-1677-19272BB74D27}"
EndProject
Project("{FAE04EC0-301F-11D3-BF4B-00C04F79EFBC}") = "TechMartDb.EfCore6", "src\TechMartDb.EfCore6\TechMartDb.EfCore6.csproj", "{9975A602-FFF5-134B-B30B-6356F9136BE9}"
EndProject
Project("{FAE04EC0-301F-11D3-BF4B-00C04F79EFBC}") = "TechMartDb.EfCore8", "src\TechMartDb.EfCore8\TechMartDb.EfCore8.csproj", "{51DF31F6-7F9E-4A72-247E-BD323F7D85CF}"
EndProject
Project("{2150E333-8FDC-42A3-9474-1A3956D46DE8}") = "Samples", "Samples", "{02EA681E-C7D8-13C7-8484-4AC65E1B71E8}"
EndProject
Project("{2150E333-8FDC-42A3-9474-1A3956D46DE8}") = "TechMart", "TechMart", "{0D3011F3-5207-4D54-9F46-ADECCE50F1AE}"
EndProject
Project("{FAE04EC0-301F-11D3-BF4B-00C04F79EFBC}") = "TechMartTests.EfCore2", "src\TechMartTests.EfCore2\TechMartTests.EfCore2.csproj", "{7D178545-423F-F587-8E3E-EB59746B3A4F}"
EndProject
Project("{FAE04EC0-301F-11D3-BF4B-00C04F79EFBC}") = "TechMartTests.EfCore3", "src\TechMartTests.EfCore3\TechMartTests.EfCore3.csproj", "{0214DB53-95E5-D328-670C-0CE0C9EA2A08}"
EndProject
Project("{FAE04EC0-301F-11D3-BF4B-00C04F79EFBC}") = "TechMartTests.EfCore6", "src\TechMartTests.EfCore6\TechMartTests.EfCore6.csproj", "{442F9207-ECF0-52CA-9FB2-D143F0799B73}"
EndProject
Project("{FAE04EC0-301F-11D3-BF4B-00C04F79EFBC}") = "TechMartTests.EfCore8", "src\TechMartTests.EfCore8\TechMartTests.EfCore8.csproj", "{1AA0A151-EC89-FFE6-883B-EA5BA17A6008}"
EndProject
Project("{FAE04EC0-301F-11D3-BF4B-00C04F79EFBC}") = "ObjectApprover", "src\ObjectApprover\ObjectApprover.csproj", "{E57AAE3C-C05C-4E51-B798-11859E0519ED}"
EndProject
Project("{FAE04EC0-301F-11D3-BF4B-00C04F79EFBC}") = "GraphQL.Linq.EntityFrameworkCore10", "src\GraphQL.Linq.EntityFrameworkCore10\GraphQL.Linq.EntityFrameworkCore10.csproj", "{3AD0DF79-A861-69C6-2AA9-9E66BBF1F9CC}"
EndProject
Project("{FAE04EC0-301F-11D3-BF4B-00C04F79EFBC}") = "TechMartDb.EfCore10", "src\TechMartDb.EfCore10\TechMartDb.EfCore10.csproj", "{F2D53DB3-D5E6-DED6-B264-EA7FF7BE45BE}"
EndProject
Project("{FAE04EC0-301F-11D3-BF4B-00C04F79EFBC}") = "TechMart.EfCore10", "src\TechMart.EfCore10\TechMart.EfCore10.csproj", "{4A287B76-05F1-AB4B-948C-F77AC6BFE91F}"
EndProject
Project("{FAE04EC0-301F-11D3-BF4B-00C04F79EFBC}") = "TechMartTests.EfCore10", "src\TechMartTests.EfCore10\TechMartTests.EfCore10.csproj", "{85972911-2521-5D38-E291-53C3B3FFC585}"
EndProject
Project("{FAE04EC0-301F-11D3-BF4B-00C04F79EFBC}") = "TechMart.LinqToDb5", "src\TechMart.LinqToDb5\TechMart.LinqToDb5.csproj", "{F7B5E03E-4969-4367-9533-3F9E6BEDB987}"
EndProject
Project("{FAE04EC0-301F-11D3-BF4B-00C04F79EFBC}") = "TechMartTests.LinqToDb5", "src\TechMartTests.LinqToDb5\TechMartTests.LinqToDb5.csproj", "{B11BBE4B-E0B1-404D-89C8-074E5535E8F0}"
EndProject
Project("{FAE04EC0-301F-11D3-BF4B-00C04F79EFBC}") = "TechMart.LinqToDb6", "src\TechMart.LinqToDb6\TechMart.LinqToDb6.csproj", "{9D4D3220-0DB6-4263-9E4F-C32CFC28D509}"
EndProject
Project("{FAE04EC0-301F-11D3-BF4B-00C04F79EFBC}") = "TechMartTests.LinqToDb6", "src\TechMartTests.LinqToDb6\TechMartTests.LinqToDb6.csproj", "{21294435-9026-4D20-AB14-8B3DF2EC8751}"
EndProject
Project("{FAE04EC0-301F-11D3-BF4B-00C04F79EFBC}") = "TestDb", "src\TestDb\TestDb.csproj", "{62C77FF2-A88C-4737-894D-8D73E935E54F}"
EndProject
Project("{FAE04EC0-301F-11D3-BF4B-00C04F79EFBC}") = "Tests", "src\Tests\Tests.csproj", "{E95A81CF-A658-4740-998C-5D98DEE3A208}"
EndProject
Project("{FAE04EC0-301F-11D3-BF4B-00C04F79EFBC}") = "ApiApprovals", "src\ApiApprovals\ApiApprovals.csproj", "{A541E1C0-F161-4AE2-B83F-EFC0D29221C0}"
EndProject
Global
	GlobalSection(SolutionConfigurationPlatforms) = preSolution
		Debug|Any CPU = Debug|Any CPU
		Release|Any CPU = Release|Any CPU
	EndGlobalSection
	GlobalSection(ProjectConfigurationPlatforms) = postSolution
		{92E64F4E-6A8E-43C2-9C8D-694E0327BEF0}.Debug|Any CPU.ActiveCfg = Debug|Any CPU
		{92E64F4E-6A8E-43C2-9C8D-694E0327BEF0}.Debug|Any CPU.Build.0 = Debug|Any CPU
		{92E64F4E-6A8E-43C2-9C8D-694E0327BEF0}.Release|Any CPU.ActiveCfg = Release|Any CPU
		{92E64F4E-6A8E-43C2-9C8D-694E0327BEF0}.Release|Any CPU.Build.0 = Release|Any CPU
		{AA70A4F7-7C79-4C1D-84FA-1667A0182004}.Debug|Any CPU.ActiveCfg = Debug|Any CPU
		{AA70A4F7-7C79-4C1D-84FA-1667A0182004}.Debug|Any CPU.Build.0 = Debug|Any CPU
		{AA70A4F7-7C79-4C1D-84FA-1667A0182004}.Release|Any CPU.ActiveCfg = Release|Any CPU
		{AA70A4F7-7C79-4C1D-84FA-1667A0182004}.Release|Any CPU.Build.0 = Release|Any CPU
		{5F2F86C5-F85C-4E4F-8C06-422E59357C10}.Debug|Any CPU.ActiveCfg = Debug|Any CPU
		{5F2F86C5-F85C-4E4F-8C06-422E59357C10}.Debug|Any CPU.Build.0 = Debug|Any CPU
		{5F2F86C5-F85C-4E4F-8C06-422E59357C10}.Release|Any CPU.ActiveCfg = Release|Any CPU
		{5F2F86C5-F85C-4E4F-8C06-422E59357C10}.Release|Any CPU.Build.0 = Release|Any CPU
		{C5AA6587-E156-4AFD-A8CF-8E4DA6DF209C}.Debug|Any CPU.ActiveCfg = Debug|Any CPU
		{C5AA6587-E156-4AFD-A8CF-8E4DA6DF209C}.Debug|Any CPU.Build.0 = Debug|Any CPU
		{C5AA6587-E156-4AFD-A8CF-8E4DA6DF209C}.Release|Any CPU.ActiveCfg = Release|Any CPU
		{C5AA6587-E156-4AFD-A8CF-8E4DA6DF209C}.Release|Any CPU.Build.0 = Release|Any CPU
		{8EE36F15-5D53-43DD-A673-65C90D29A2F4}.Debug|Any CPU.ActiveCfg = Debug|Any CPU
		{8EE36F15-5D53-43DD-A673-65C90D29A2F4}.Debug|Any CPU.Build.0 = Debug|Any CPU
		{8EE36F15-5D53-43DD-A673-65C90D29A2F4}.Release|Any CPU.ActiveCfg = Release|Any CPU
		{8EE36F15-5D53-43DD-A673-65C90D29A2F4}.Release|Any CPU.Build.0 = Release|Any CPU
		{B4A736C9-38C9-4FAF-AB67-12100E1E7432}.Debug|Any CPU.ActiveCfg = Debug|Any CPU
		{B4A736C9-38C9-4FAF-AB67-12100E1E7432}.Debug|Any CPU.Build.0 = Debug|Any CPU
		{B4A736C9-38C9-4FAF-AB67-12100E1E7432}.Release|Any CPU.ActiveCfg = Release|Any CPU
		{B4A736C9-38C9-4FAF-AB67-12100E1E7432}.Release|Any CPU.Build.0 = Release|Any CPU
		{05D8E41C-7D70-DAE1-0E16-226427CF9487}.Debug|Any CPU.ActiveCfg = Debug|Any CPU
		{05D8E41C-7D70-DAE1-0E16-226427CF9487}.Debug|Any CPU.Build.0 = Debug|Any CPU
		{05D8E41C-7D70-DAE1-0E16-226427CF9487}.Release|Any CPU.ActiveCfg = Release|Any CPU
		{05D8E41C-7D70-DAE1-0E16-226427CF9487}.Release|Any CPU.Build.0 = Release|Any CPU
		{2AD05946-ECBF-7A85-5422-692F6712966E}.Debug|Any CPU.ActiveCfg = Debug|Any CPU
		{2AD05946-ECBF-7A85-5422-692F6712966E}.Debug|Any CPU.Build.0 = Debug|Any CPU
		{2AD05946-ECBF-7A85-5422-692F6712966E}.Release|Any CPU.ActiveCfg = Release|Any CPU
		{2AD05946-ECBF-7A85-5422-692F6712966E}.Release|Any CPU.Build.0 = Release|Any CPU
		{212A6595-9196-B4E2-A527-9D0A629C3C66}.Debug|Any CPU.ActiveCfg = Debug|Any CPU
		{212A6595-9196-B4E2-A527-9D0A629C3C66}.Debug|Any CPU.Build.0 = Debug|Any CPU
		{212A6595-9196-B4E2-A527-9D0A629C3C66}.Release|Any CPU.ActiveCfg = Release|Any CPU
		{212A6595-9196-B4E2-A527-9D0A629C3C66}.Release|Any CPU.Build.0 = Release|Any CPU
		{1C3F4644-83A0-4EDF-951F-21D147E10C7A}.Debug|Any CPU.ActiveCfg = Debug|Any CPU
		{1C3F4644-83A0-4EDF-951F-21D147E10C7A}.Debug|Any CPU.Build.0 = Debug|Any CPU
		{1C3F4644-83A0-4EDF-951F-21D147E10C7A}.Release|Any CPU.ActiveCfg = Release|Any CPU
		{1C3F4644-83A0-4EDF-951F-21D147E10C7A}.Release|Any CPU.Build.0 = Release|Any CPU
		{B3CB8E1C-205D-1404-0693-A13DF1D5A9F6}.Debug|Any CPU.ActiveCfg = Debug|Any CPU
		{B3CB8E1C-205D-1404-0693-A13DF1D5A9F6}.Debug|Any CPU.Build.0 = Debug|Any CPU
		{B3CB8E1C-205D-1404-0693-A13DF1D5A9F6}.Release|Any CPU.ActiveCfg = Release|Any CPU
		{B3CB8E1C-205D-1404-0693-A13DF1D5A9F6}.Release|Any CPU.Build.0 = Release|Any CPU
		{22DDCFEF-A52B-A8CD-3085-6BB0C3237AC0}.Debug|Any CPU.ActiveCfg = Debug|Any CPU
		{22DDCFEF-A52B-A8CD-3085-6BB0C3237AC0}.Debug|Any CPU.Build.0 = Debug|Any CPU
		{22DDCFEF-A52B-A8CD-3085-6BB0C3237AC0}.Release|Any CPU.ActiveCfg = Release|Any CPU
		{22DDCFEF-A52B-A8CD-3085-6BB0C3237AC0}.Release|Any CPU.Build.0 = Release|Any CPU
		{63CB7611-8EBF-418A-720C-D9CD9E6BD02E}.Debug|Any CPU.ActiveCfg = Debug|Any CPU
		{63CB7611-8EBF-418A-720C-D9CD9E6BD02E}.Debug|Any CPU.Build.0 = Debug|Any CPU
		{63CB7611-8EBF-418A-720C-D9CD9E6BD02E}.Release|Any CPU.ActiveCfg = Release|Any CPU
		{63CB7611-8EBF-418A-720C-D9CD9E6BD02E}.Release|Any CPU.Build.0 = Release|Any CPU
		{781ED625-1444-0BF6-C617-5C723D394C72}.Debug|Any CPU.ActiveCfg = Debug|Any CPU
		{781ED625-1444-0BF6-C617-5C723D394C72}.Debug|Any CPU.Build.0 = Debug|Any CPU
		{781ED625-1444-0BF6-C617-5C723D394C72}.Release|Any CPU.ActiveCfg = Release|Any CPU
		{781ED625-1444-0BF6-C617-5C723D394C72}.Release|Any CPU.Build.0 = Release|Any CPU
		{B9361AEC-DAEC-1110-1677-19272BB74D27}.Debug|Any CPU.ActiveCfg = Debug|Any CPU
		{B9361AEC-DAEC-1110-1677-19272BB74D27}.Debug|Any CPU.Build.0 = Debug|Any CPU
		{B9361AEC-DAEC-1110-1677-19272BB74D27}.Release|Any CPU.ActiveCfg = Release|Any CPU
		{B9361AEC-DAEC-1110-1677-19272BB74D27}.Release|Any CPU.Build.0 = Release|Any CPU
		{9975A602-FFF5-134B-B30B-6356F9136BE9}.Debug|Any CPU.ActiveCfg = Debug|Any CPU
		{9975A602-FFF5-134B-B30B-6356F9136BE9}.Debug|Any CPU.Build.0 = Debug|Any CPU
		{9975A602-FFF5-134B-B30B-6356F9136BE9}.Release|Any CPU.ActiveCfg = Release|Any CPU
		{9975A602-FFF5-134B-B30B-6356F9136BE9}.Release|Any CPU.Build.0 = Release|Any CPU
		{51DF31F6-7F9E-4A72-247E-BD323F7D85CF}.Debug|Any CPU.ActiveCfg = Debug|Any CPU
		{51DF31F6-7F9E-4A72-247E-BD323F7D85CF}.Debug|Any CPU.Build.0 = Debug|Any CPU
		{51DF31F6-7F9E-4A72-247E-BD323F7D85CF}.Release|Any CPU.ActiveCfg = Release|Any CPU
		{51DF31F6-7F9E-4A72-247E-BD323F7D85CF}.Release|Any CPU.Build.0 = Release|Any CPU
		{7D178545-423F-F587-8E3E-EB59746B3A4F}.Debug|Any CPU.ActiveCfg = Debug|Any CPU
		{7D178545-423F-F587-8E3E-EB59746B3A4F}.Debug|Any CPU.Build.0 = Debug|Any CPU
		{7D178545-423F-F587-8E3E-EB59746B3A4F}.Release|Any CPU.ActiveCfg = Release|Any CPU
		{7D178545-423F-F587-8E3E-EB59746B3A4F}.Release|Any CPU.Build.0 = Release|Any CPU
		{0214DB53-95E5-D328-670C-0CE0C9EA2A08}.Debug|Any CPU.ActiveCfg = Debug|Any CPU
		{0214DB53-95E5-D328-670C-0CE0C9EA2A08}.Debug|Any CPU.Build.0 = Debug|Any CPU
		{0214DB53-95E5-D328-670C-0CE0C9EA2A08}.Release|Any CPU.ActiveCfg = Release|Any CPU
		{0214DB53-95E5-D328-670C-0CE0C9EA2A08}.Release|Any CPU.Build.0 = Release|Any CPU
		{442F9207-ECF0-52CA-9FB2-D143F0799B73}.Debug|Any CPU.ActiveCfg = Debug|Any CPU
		{442F9207-ECF0-52CA-9FB2-D143F0799B73}.Debug|Any CPU.Build.0 = Debug|Any CPU
		{442F9207-ECF0-52CA-9FB2-D143F0799B73}.Release|Any CPU.ActiveCfg = Release|Any CPU
		{442F9207-ECF0-52CA-9FB2-D143F0799B73}.Release|Any CPU.Build.0 = Release|Any CPU
		{1AA0A151-EC89-FFE6-883B-EA5BA17A6008}.Debug|Any CPU.ActiveCfg = Debug|Any CPU
		{1AA0A151-EC89-FFE6-883B-EA5BA17A6008}.Debug|Any CPU.Build.0 = Debug|Any CPU
		{1AA0A151-EC89-FFE6-883B-EA5BA17A6008}.Release|Any CPU.ActiveCfg = Release|Any CPU
		{1AA0A151-EC89-FFE6-883B-EA5BA17A6008}.Release|Any CPU.Build.0 = Release|Any CPU
		{E57AAE3C-C05C-4E51-B798-11859E0519ED}.Debug|Any CPU.ActiveCfg = Debug|Any CPU
		{E57AAE3C-C05C-4E51-B798-11859E0519ED}.Debug|Any CPU.Build.0 = Debug|Any CPU
		{E57AAE3C-C05C-4E51-B798-11859E0519ED}.Release|Any CPU.ActiveCfg = Release|Any CPU
		{E57AAE3C-C05C-4E51-B798-11859E0519ED}.Release|Any CPU.Build.0 = Release|Any CPU
		{3AD0DF79-A861-69C6-2AA9-9E66BBF1F9CC}.Debug|Any CPU.ActiveCfg = Debug|Any CPU
		{3AD0DF79-A861-69C6-2AA9-9E66BBF1F9CC}.Debug|Any CPU.Build.0 = Debug|Any CPU
		{3AD0DF79-A861-69C6-2AA9-9E66BBF1F9CC}.Release|Any CPU.ActiveCfg = Release|Any CPU
		{3AD0DF79-A861-69C6-2AA9-9E66BBF1F9CC}.Release|Any CPU.Build.0 = Release|Any CPU
		{F2D53DB3-D5E6-DED6-B264-EA7FF7BE45BE}.Debug|Any CPU.ActiveCfg = Debug|Any CPU
		{F2D53DB3-D5E6-DED6-B264-EA7FF7BE45BE}.Debug|Any CPU.Build.0 = Debug|Any CPU
		{F2D53DB3-D5E6-DED6-B264-EA7FF7BE45BE}.Release|Any CPU.ActiveCfg = Release|Any CPU
		{F2D53DB3-D5E6-DED6-B264-EA7FF7BE45BE}.Release|Any CPU.Build.0 = Release|Any CPU
		{4A287B76-05F1-AB4B-948C-F77AC6BFE91F}.Debug|Any CPU.ActiveCfg = Debug|Any CPU
		{4A287B76-05F1-AB4B-948C-F77AC6BFE91F}.Debug|Any CPU.Build.0 = Debug|Any CPU
		{4A287B76-05F1-AB4B-948C-F77AC6BFE91F}.Release|Any CPU.ActiveCfg = Release|Any CPU
		{4A287B76-05F1-AB4B-948C-F77AC6BFE91F}.Release|Any CPU.Build.0 = Release|Any CPU
		{85972911-2521-5D38-E291-53C3B3FFC585}.Debug|Any CPU.ActiveCfg = Debug|Any CPU
		{85972911-2521-5D38-E291-53C3B3FFC585}.Debug|Any CPU.Build.0 = Debug|Any CPU
		{85972911-2521-5D38-E291-53C3B3FFC585}.Release|Any CPU.ActiveCfg = Release|Any CPU
		{85972911-2521-5D38-E291-53C3B3FFC585}.Release|Any CPU.Build.0 = Release|Any CPU
		{F7B5E03E-4969-4367-9533-3F9E6BEDB987}.Debug|Any CPU.ActiveCfg = Debug|Any CPU
		{F7B5E03E-4969-4367-9533-3F9E6BEDB987}.Debug|Any CPU.Build.0 = Debug|Any CPU
		{F7B5E03E-4969-4367-9533-3F9E6BEDB987}.Release|Any CPU.ActiveCfg = Release|Any CPU
		{F7B5E03E-4969-4367-9533-3F9E6BEDB987}.Release|Any CPU.Build.0 = Release|Any CPU
		{B11BBE4B-E0B1-404D-89C8-074E5535E8F0}.Debug|Any CPU.ActiveCfg = Debug|Any CPU
		{B11BBE4B-E0B1-404D-89C8-074E5535E8F0}.Debug|Any CPU.Build.0 = Debug|Any CPU
		{B11BBE4B-E0B1-404D-89C8-074E5535E8F0}.Release|Any CPU.ActiveCfg = Release|Any CPU
		{B11BBE4B-E0B1-404D-89C8-074E5535E8F0}.Release|Any CPU.Build.0 = Release|Any CPU
		{9D4D3220-0DB6-4263-9E4F-C32CFC28D509}.Debug|Any CPU.ActiveCfg = Debug|Any CPU
		{9D4D3220-0DB6-4263-9E4F-C32CFC28D509}.Debug|Any CPU.Build.0 = Debug|Any CPU
		{9D4D3220-0DB6-4263-9E4F-C32CFC28D509}.Release|Any CPU.ActiveCfg = Release|Any CPU
		{9D4D3220-0DB6-4263-9E4F-C32CFC28D509}.Release|Any CPU.Build.0 = Release|Any CPU
		{21294435-9026-4D20-AB14-8B3DF2EC8751}.Debug|Any CPU.ActiveCfg = Debug|Any CPU
		{21294435-9026-4D20-AB14-8B3DF2EC8751}.Debug|Any CPU.Build.0 = Debug|Any CPU
		{21294435-9026-4D20-AB14-8B3DF2EC8751}.Release|Any CPU.ActiveCfg = Release|Any CPU
		{21294435-9026-4D20-AB14-8B3DF2EC8751}.Release|Any CPU.Build.0 = Release|Any CPU
		{62C77FF2-A88C-4737-894D-8D73E935E54F}.Debug|Any CPU.ActiveCfg = Debug|Any CPU
		{62C77FF2-A88C-4737-894D-8D73E935E54F}.Debug|Any CPU.Build.0 = Debug|Any CPU
		{62C77FF2-A88C-4737-894D-8D73E935E54F}.Release|Any CPU.ActiveCfg = Release|Any CPU
		{62C77FF2-A88C-4737-894D-8D73E935E54F}.Release|Any CPU.Build.0 = Release|Any CPU
		{E95A81CF-A658-4740-998C-5D98DEE3A208}.Debug|Any CPU.ActiveCfg = Debug|Any CPU
		{E95A81CF-A658-4740-998C-5D98DEE3A208}.Debug|Any CPU.Build.0 = Debug|Any CPU
		{E95A81CF-A658-4740-998C-5D98DEE3A208}.Release|Any CPU.ActiveCfg = Release|Any CPU
		{E95A81CF-A658-4740-998C-5D98DEE3A208}.Release|Any CPU.Build.0 = Release|Any CPU
		{A541E1C0-F161-4AE2-B83F-EFC0D29221C0}.Debug|Any CPU.ActiveCfg = Debug|Any CPU
		{A541E1C0-F161-4AE2-B83F-EFC0D29221C0}.Debug|Any CPU.Build.0 = Debug|Any CPU
		{A541E1C0-F161-4AE2-B83F-EFC0D29221C0}.Release|Any CPU.ActiveCfg = Release|Any CPU
		{A541E1C0-F161-4AE2-B83F-EFC0D29221C0}.Release|Any CPU.Build.0 = Release|Any CPU
	EndGlobalSection
	GlobalSection(SolutionProperties) = preSolution
		HideSolutionNode = FALSE
	EndGlobalSection
	GlobalSection(NestedProjects) = preSolution
		{2AD05946-ECBF-7A85-5422-692F6712966E} = {0D3011F3-5207-4D54-9F46-ADECCE50F1AE}
		{212A6595-9196-B4E2-A527-9D0A629C3C66} = {0D3011F3-5207-4D54-9F46-ADECCE50F1AE}
		{1C3F4644-83A0-4EDF-951F-21D147E10C7A} = {0D3011F3-5207-4D54-9F46-ADECCE50F1AE}
		{22DDCFEF-A52B-A8CD-3085-6BB0C3237AC0} = {0D3011F3-5207-4D54-9F46-ADECCE50F1AE}
		{63CB7611-8EBF-418A-720C-D9CD9E6BD02E} = {0D3011F3-5207-4D54-9F46-ADECCE50F1AE}
		{781ED625-1444-0BF6-C617-5C723D394C72} = {0D3011F3-5207-4D54-9F46-ADECCE50F1AE}
		{B9361AEC-DAEC-1110-1677-19272BB74D27} = {0D3011F3-5207-4D54-9F46-ADECCE50F1AE}
		{9975A602-FFF5-134B-B30B-6356F9136BE9} = {0D3011F3-5207-4D54-9F46-ADECCE50F1AE}
		{51DF31F6-7F9E-4A72-247E-BD323F7D85CF} = {0D3011F3-5207-4D54-9F46-ADECCE50F1AE}
		{0D3011F3-5207-4D54-9F46-ADECCE50F1AE} = {02EA681E-C7D8-13C7-8484-4AC65E1B71E8}
		{7D178545-423F-F587-8E3E-EB59746B3A4F} = {0D3011F3-5207-4D54-9F46-ADECCE50F1AE}
		{0214DB53-95E5-D328-670C-0CE0C9EA2A08} = {0D3011F3-5207-4D54-9F46-ADECCE50F1AE}
		{442F9207-ECF0-52CA-9FB2-D143F0799B73} = {0D3011F3-5207-4D54-9F46-ADECCE50F1AE}
		{1AA0A151-EC89-FFE6-883B-EA5BA17A6008} = {0D3011F3-5207-4D54-9F46-ADECCE50F1AE}
		{F2D53DB3-D5E6-DED6-B264-EA7FF7BE45BE} = {0D3011F3-5207-4D54-9F46-ADECCE50F1AE}
		{4A287B76-05F1-AB4B-948C-F77AC6BFE91F} = {0D3011F3-5207-4D54-9F46-ADECCE50F1AE}
		{85972911-2521-5D38-E291-53C3B3FFC585} = {0D3011F3-5207-4D54-9F46-ADECCE50F1AE}
		{F7B5E03E-4969-4367-9533-3F9E6BEDB987} = {0D3011F3-5207-4D54-9F46-ADECCE50F1AE}
		{B11BBE4B-E0B1-404D-89C8-074E5535E8F0} = {0D3011F3-5207-4D54-9F46-ADECCE50F1AE}
		{9D4D3220-0DB6-4263-9E4F-C32CFC28D509} = {0D3011F3-5207-4D54-9F46-ADECCE50F1AE}
		{21294435-9026-4D20-AB14-8B3DF2EC8751} = {0D3011F3-5207-4D54-9F46-ADECCE50F1AE}
	EndGlobalSection
	GlobalSection(ExtensibilityGlobals) = postSolution
		SolutionGuid = {A9DBE1FD-2601-4F67-B85B-CE26A668FA05}
	EndGlobalSection
EndGlobal
